{
  "name": "newapp",
  "version": "3.0.5",
  "lockfileVersion": 1,
  "requires": true,
  "dependencies": {
    "ezlog": {
      "version": "0.0.15",
      "resolved": "https://registry.npmjs.org/ezlog/-/ezlog-0.0.15.tgz",
      "integrity": "sha1-+O8Z8Vsvlla3iqkTgwHwDAvw1rM=",
      "requires": {
        "opensoars_cls": "0.0.10"
      }
    },
    "f_": {
      "version": "0.0.8",
      "resolved": "https://registry.npmjs.org/f_/-/f_-0.0.8.tgz",
      "integrity": "sha1-ZpFhD+4xccaMwa775lOUXzrqDT0=",
      "requires": {
        "ezlog": "0.0.12",
        "opensoars_cls": "0.0.8"
      },
      "dependencies": {
        "ezlog": {
          "version": "0.0.12",
          "resolved": "https://registry.npmjs.org/ezlog/-/ezlog-0.0.12.tgz",
          "integrity": "sha1-v1MHGmxun9U3+S0KU3JD5WqRWSo=",
          "requires": {
            "opensoars_cls": "0.0.8"
          }
        },
        "opensoars_cls": {
          "version": "0.0.8",
          "resolved": "https://registry.npmjs.org/opensoars_cls/-/opensoars_cls-0.0.8.tgz",
          "integrity": "sha1-4p2SbjW6Q0cYwhbzA8x3ABOVu+w="
        }
      }
    },
    "opensoars_cls": {
      "version": "0.0.10",
      "resolved": "https://registry.npmjs.org/opensoars_cls/-/opensoars_cls-0.0.10.tgz",
      "integrity": "sha1-BubiqrxgYITL6sDr1FcGxE6OiG4="
    }
  }
}
